// !$*UTF8*$!
{
	archiveVersion = 1;
	classes = {
	};
	objectVersion = 56;
	objects = {

/* Begin PBXBuildFile section */
		801DB29329BB05BF00A881AE /* UserDatabase.cpp in Sources */ = {isa = PBXBuildFile; fileRef = 801DB28529BB05BF00A881AE /* UserDatabase.cpp */; };
		801DB29429BB05BF00A881AE /* MovieDatabase.cpp in Sources */ = {isa = PBXBuildFile; fileRef = 801DB28629BB05BF00A881AE /* MovieDatabase.cpp */; };
		801DB29529BB05BF00A881AE /* Movie.cpp in Sources */ = {isa = PBXBuildFile; fileRef = 801DB28929BB05BF00A881AE /* Movie.cpp */; };
		801DB29629BB05BF00A881AE /* User.cpp in Sources */ = {isa = PBXBuildFile; fileRef = 801DB28B29BB05BF00A881AE /* User.cpp */; };
		801DB29729BB05BF00A881AE /* Recommender.cpp in Sources */ = {isa = PBXBuildFile; fileRef = 801DB28C29BB05BF00A881AE /* Recommender.cpp */; };
		801DB29829BB05BF00A881AE /* main.cpp in Sources */ = {isa = PBXBuildFile; fileRef = 801DB29229BB05BF00A881AE /* main.cpp */; };
/* End PBXBuildFile section */

/* Begin PBXCopyFilesBuildPhase section */
		801DB27929BB057F00A881AE /* CopyFiles */ = {
			isa = PBXCopyFilesBuildPhase;
			buildActionMask = 2147483647;
			dstPath = /usr/share/man/man1/;
			dstSubfolderSpec = 0;
			files = (
			);
			runOnlyForDeploymentPostprocessing = 1;
		};
/* End PBXCopyFilesBuildPhase section */

/* Begin PBXFileReference section */
		801DB27B29BB057F00A881AE /* CS32Project4XCode */ = {isa = PBXFileReference; explicitFileType = "compiled.mach-o.executable"; includeInIndex = 0; path = CS32Project4XCode; sourceTree = BUILT_PRODUCTS_DIR; };
		801DB28529BB05BF00A881AE /* UserDatabase.cpp */ = {isa = PBXFileReference; fileEncoding = 4; lastKnownFileType = sourcecode.cpp.cpp; name = UserDatabase.cpp; path = ../../CS32Project4/UserDatabase.cpp; sourceTree = "<group>"; };
		801DB28629BB05BF00A881AE /* MovieDatabase.cpp */ = {isa = PBXFileReference; fileEncoding = 4; lastKnownFileType = sourcecode.cpp.cpp; name = MovieDatabase.cpp; path = ../../CS32Project4/MovieDatabase.cpp; sourceTree = "<group>"; };
		801DB28729BB05BF00A881AE /* UserDatabase.h */ = {isa = PBXFileReference; fileEncoding = 4; lastKnownFileType = sourcecode.c.h; name = UserDatabase.h; path = ../../CS32Project4/UserDatabase.h; sourceTree = "<group>"; };
		801DB28829BB05BF00A881AE /* Movie.h */ = {isa = PBXFileReference; fileEncoding = 4; lastKnownFileType = sourcecode.c.h; name = Movie.h; path = ../../CS32Project4/Movie.h; sourceTree = "<group>"; };
		801DB28929BB05BF00A881AE /* Movie.cpp */ = {isa = PBXFileReference; fileEncoding = 4; lastKnownFileType = sourcecode.cpp.cpp; name = Movie.cpp; path = ../../CS32Project4/Movie.cpp; sourceTree = "<group>"; };
		801DB28A29BB05BF00A881AE /* users.txt */ = {isa = PBXFileReference; fileEncoding = 4; lastKnownFileType = text; name = users.txt; path = ../../CS32Project4/users.txt; sourceTree = "<group>"; };
		801DB28B29BB05BF00A881AE /* User.cpp */ = {isa = PBXFileReference; fileEncoding = 4; lastKnownFileType = sourcecode.cpp.cpp; name = User.cpp; path = ../../CS32Project4/User.cpp; sourceTree = "<group>"; };
		801DB28C29BB05BF00A881AE /* Recommender.cpp */ = {isa = PBXFileReference; fileEncoding = 4; lastKnownFileType = sourcecode.cpp.cpp; name = Recommender.cpp; path = ../../CS32Project4/Recommender.cpp; sourceTree = "<group>"; };
		801DB28D29BB05BF00A881AE /* Recommender.h */ = {isa = PBXFileReference; fileEncoding = 4; lastKnownFileType = sourcecode.c.h; name = Recommender.h; path = ../../CS32Project4/Recommender.h; sourceTree = "<group>"; };
		801DB28E29BB05BF00A881AE /* User.h */ = {isa = PBXFileReference; fileEncoding = 4; lastKnownFileType = sourcecode.c.h; name = User.h; path = ../../CS32Project4/User.h; sourceTree = "<group>"; };
		801DB28F29BB05BF00A881AE /* movies.txt */ = {isa = PBXFileReference; fileEncoding = 4; lastKnownFileType = text; name = movies.txt; path = ../../CS32Project4/movies.txt; sourceTree = "<group>"; };
		801DB29029BB05BF00A881AE /* MovieDatabase.h */ = {isa = PBXFileReference; fileEncoding = 4; lastKnownFileType = sourcecode.c.h; name = MovieDatabase.h; path = ../../CS32Project4/MovieDatabase.h; sourceTree = "<group>"; };
		801DB29129BB05BF00A881AE /* treemm.h */ = {isa = PBXFileReference; fileEncoding = 4; lastKnownFileType = sourcecode.c.h; name = treemm.h; path = ../../CS32Project4/treemm.h; sourceTree = "<group>"; };
		801DB29229BB05BF00A881AE /* main.cpp */ = {isa = PBXFileReference; fileEncoding = 4; lastKnownFileType = sourcecode.cpp.cpp; name = main.cpp; path = ../../CS32Project4/main.cpp; sourceTree = "<group>"; };
/* End PBXFileReference section */

/* Begin PBXFrameworksBuildPhase section */
		801DB27829BB057F00A881AE /* Frameworks */ = {
			isa = PBXFrameworksBuildPhase;
			buildActionMask = 2147483647;
			files = (
			);
			runOnlyForDeploymentPostprocessing = 0;
		};
/* End PBXFrameworksBuildPhase section */

/* Begin PBXGroup section */
		801DB27229BB057F00A881AE = {
			isa = PBXGroup;
			children = (
				801DB27D29BB057F00A881AE /* CS32Project4XCode */,
				801DB27C29BB057F00A881AE /* Products */,
			);
			sourceTree = "<group>";
		};
		801DB27C29BB057F00A881AE /* Products */ = {
			isa = PBXGroup;
			children = (
				801DB27B29BB057F00A881AE /* CS32Project4XCode */,
			);
			name = Products;
			sourceTree = "<group>";
		};
		801DB27D29BB057F00A881AE /* CS32Project4XCode */ = {
			isa = PBXGroup;
			children = (
				801DB29229BB05BF00A881AE /* main.cpp */,
				801DB28929BB05BF00A881AE /* Movie.cpp */,
				801DB28829BB05BF00A881AE /* Movie.h */,
				801DB28629BB05BF00A881AE /* MovieDatabase.cpp */,
				801DB29029BB05BF00A881AE /* MovieDatabase.h */,
				801DB28F29BB05BF00A881AE /* movies.txt */,
				801DB28C29BB05BF00A881AE /* Recommender.cpp */,
				801DB28D29BB05BF00A881AE /* Recommender.h */,
				801DB29129BB05BF00A881AE /* treemm.h */,
				801DB28B29BB05BF00A881AE /* User.cpp */,
				801DB28E29BB05BF00A881AE /* User.h */,
				801DB28529BB05BF00A881AE /* UserDatabase.cpp */,
				801DB28729BB05BF00A881AE /* UserDatabase.h */,
				801DB28A29BB05BF00A881AE /* users.txt */,
			);
			path = CS32Project4XCode;
			sourceTree = "<group>";
		};
/* End PBXGroup section */

/* Begin PBXNativeTarget section */
		801DB27A29BB057F00A881AE /* CS32Project4XCode */ = {
			isa = PBXNativeTarget;
			buildConfigurationList = 801DB28229BB057F00A881AE /* Build configuration list for PBXNativeTarget "CS32Project4XCode" */;
			buildPhases = (
				801DB27729BB057F00A881AE /* Sources */,
				801DB27829BB057F00A881AE /* Frameworks */,
				801DB27929BB057F00A881AE /* CopyFiles */,
			);
			buildRules = (
			);
			dependencies = (
			);
			name = CS32Project4XCode;
			productName = CS32Project4XCode;
			productReference = 801DB27B29BB057F00A881AE /* CS32Project4XCode */;
			productType = "com.apple.product-type.tool";
		};
/* End PBXNativeTarget section */

/* Begin PBXProject section */
		801DB27329BB057F00A881AE /* Project object */ = {
			isa = PBXProject;
			attributes = {
				BuildIndependentTargetsInParallel = 1;
				LastUpgradeCheck = 1400;
				TargetAttributes = {
					801DB27A29BB057F00A881AE = {
						CreatedOnToolsVersion = 14.0.1;
					};
				};
			};
			buildConfigurationList = 801DB27629BB057F00A881AE /* Build configuration list for PBXProject "CS32Project4XCode" */;
			compatibilityVersion = "Xcode 14.0";
			developmentRegion = en;
			hasScannedForEncodings = 0;
			knownRegions = (
				en,
				Base,
			);
			mainGroup = 801DB27229BB057F00A881AE;
			productRefGroup = 801DB27C29BB057F00A881AE /* Products */;
			projectDirPath = "";
			projectRoot = "";
			targets = (
				801DB27A29BB057F00A881AE /* CS32Project4XCode */,
			);
		};
/* End PBXProject section */

/* Begin PBXSourcesBuildPhase section */
		801DB27729BB057F00A881AE /* Sources */ = {
			isa = PBXSourcesBuildPhase;
			buildActionMask = 2147483647;
			files = (
				801DB29629BB05BF00A881AE /* User.cpp in Sources */,
				801DB29529BB05BF00A881AE /* Movie.cpp in Sources */,
				801DB29829BB05BF00A881AE /* main.cpp in Sources */,
				801DB29329BB05BF00A881AE /* UserDatabase.cpp in Sources */,
				801DB29729BB05BF00A881AE /* Recommender.cpp in Sources */,
				801DB29429BB05BF00A881AE /* MovieDatabase.cpp in Sources */,
			);
			runOnlyForDeploymentPostprocessing = 0;
		};
/* End PBXSourcesBuildPhase section */

/* Begin XCBuildConfiguration section */
		801DB28029BB057F00A881AE /* Debug */ = {
			isa = XCBuildConfiguration;
			buildSettings = {
				ALWAYS_SEARCH_USER_PATHS = NO;
				CLANG_ANALYZER_NONNULL = YES;
				CLANG_ANALYZER_NUMBER_OBJECT_CONVERSION = YES_AGGRESSIVE;
				CLANG_CXX_LANGUAGE_STANDARD = "gnu++20";
				CLANG_ENABLE_MODULES = YES;
				CLANG_ENABLE_OBJC_ARC = YES;
				CLANG_ENABLE_OBJC_WEAK = YES;
				CLANG_WARN_BLOCK_CAPTURE_AUTORELEASING = YES;
				CLANG_WARN_BOOL_CONVERSION = YES;
				CLANG_WARN_COMMA = YES;
				CLANG_WARN_CONSTANT_CONVERSION = YES;
				CLANG_WARN_DEPRECATED_OBJC_IMPLEMENTATIONS = YES;
				CLANG_WARN_DIRECT_OBJC_ISA_USAGE = YES_ERROR;
				CLANG_WARN_DOCUMENTATION_COMMENTS = YES;
				CLANG_WARN_EMPTY_BODY = YES;
				CLANG_WARN_ENUM_CONVERSION = YES;
				CLANG_WARN_INFINITE_RECURSION = YES;
				CLANG_WARN_INT_CONVERSION = YES;
				CLANG_WARN_NON_LITERAL_NULL_CONVERSION = YES;
				CLANG_WARN_OBJC_IMPLICIT_RETAIN_SELF = YES;
				CLANG_WARN_OBJC_LITERAL_CONVERSION = YES;
				CLANG_WARN_OBJC_ROOT_CLASS = YES_ERROR;
				CLANG_WARN_QUOTED_INCLUDE_IN_FRAMEWORK_HEADER = YES;
				CLANG_WARN_RANGE_LOOP_ANALYSIS = YES;
				CLANG_WARN_STRICT_PROTOTYPES = YES;
				CLANG_WARN_SUSPICIOUS_MOVE = YES;
				CLANG_WARN_UNGUARDED_AVAILABILITY = YES_AGGRESSIVE;
				CLANG_WARN_UNREACHABLE_CODE = YES;
				CLANG_WARN__DUPLICATE_METHOD_MATCH = YES;
				COPY_PHASE_STRIP = NO;
				DEBUG_INFORMATION_FORMAT = dwarf;
				ENABLE_STRICT_OBJC_MSGSEND = YES;
				ENABLE_TESTABILITY = YES;
				GCC_C_LANGUAGE_STANDARD = gnu11;
				GCC_DYNAMIC_NO_PIC = NO;
				GCC_NO_COMMON_BLOCKS = YES;
				GCC_OPTIMIZATION_LEVEL = 0;
				GCC_PREPROCESSOR_DEFINITIONS = (
					"DEBUG=1",
					"$(inherited)",
				);
				GCC_WARN_64_TO_32_BIT_CONVERSION = YES;
				GCC_WARN_ABOUT_RETURN_TYPE = YES_ERROR;
				GCC_WARN_UNDECLARED_SELECTOR = YES;
				GCC_WARN_UNINITIALIZED_AUTOS = YES_AGGRESSIVE;
				GCC_WARN_UNUSED_FUNCTION = YES;
				GCC_WARN_UNUSED_VARIABLE = YES;
				MACOSX_DEPLOYMENT_TARGET = 12.3;
				MTL_ENABLE_DEBUG_INFO = INCLUDE_SOURCE;
				MTL_FAST_MATH = YES;
				ONLY_ACTIVE_ARCH = YES;
				SDKROOT = macosx;
			};
			name = Debug;
		};
		801DB28129BB057F00A881AE /* Release */ = {
			isa = XCBuildConfiguration;
			buildSettings = {
				ALWAYS_SEARCH_USER_PATHS = NO;
				CLANG_ANALYZER_NONNULL = YES;
				CLANG_ANALYZER_NUMBER_OBJECT_CONVERSION = YES_AGGRESSIVE;
				CLANG_CXX_LANGUAGE_STANDARD = "gnu++20";
				CLANG_ENABLE_MODULES = YES;
				CLANG_ENABLE_OBJC_ARC = YES;
				CLANG_ENABLE_OBJC_WEAK = YES;
				CLANG_WARN_BLOCK_CAPTURE_AUTORELEASING = YES;
				CLANG_WARN_BOOL_CONVERSION = YES;
				CLANG_WARN_COMMA = YES;
				CLANG_WARN_CONSTANT_CONVERSION = YES;
				CLANG_WARN_DEPRECATED_OBJC_IMPLEMENTATIONS = YES;
				CLANG_WARN_DIRECT_OBJC_ISA_USAGE = YES_ERROR;
				CLANG_WARN_DOCUMENTATION_COMMENTS = YES;
				CLANG_WARN_EMPTY_BODY = YES;
				CLANG_WARN_ENUM_CONVERSION = YES;
				CLANG_WARN_INFINITE_RECURSION = YES;
				CLANG_WARN_INT_CONVERSION = YES;
				CLANG_WARN_NON_LITERAL_NULL_CONVERSION = YES;
				CLANG_WARN_OBJC_IMPLICIT_RETAIN_SELF = YES;
				CLANG_WARN_OBJC_LITERAL_CONVERSION = YES;
				CLANG_WARN_OBJC_ROOT_CLASS = YES_ERROR;
				CLANG_WARN_QUOTED_INCLUDE_IN_FRAMEWORK_HEADER = YES;
				CLANG_WARN_RANGE_LOOP_ANALYSIS = YES;
				CLANG_WARN_STRICT_PROTOTYPES = YES;
				CLANG_WARN_SUSPICIOUS_MOVE = YES;
				CLANG_WARN_UNGUARDED_AVAILABILITY = YES_AGGRESSIVE;
				CLANG_WARN_UNREACHABLE_CODE = YES;
				CLANG_WARN__DUPLICATE_METHOD_MATCH = YES;
				COPY_PHASE_STRIP = NO;
				DEBUG_INFORMATION_FORMAT = "dwarf-with-dsym";
				ENABLE_NS_ASSERTIONS = NO;
				ENABLE_STRICT_OBJC_MSGSEND = YES;
				GCC_C_LANGUAGE_STANDARD = gnu11;
				GCC_NO_COMMON_BLOCKS = YES;
				GCC_WARN_64_TO_32_BIT_CONVERSION = YES;
				GCC_WARN_ABOUT_RETURN_TYPE = YES_ERROR;
				GCC_WARN_UNDECLARED_SELECTOR = YES;
				GCC_WARN_UNINITIALIZED_AUTOS = YES_AGGRESSIVE;
				GCC_WARN_UNUSED_FUNCTION = YES;
				GCC_WARN_UNUSED_VARIABLE = YES;
				MACOSX_DEPLOYMENT_TARGET = 12.3;
				MTL_ENABLE_DEBUG_INFO = NO;
				MTL_FAST_MATH = YES;
				SDKROOT = macosx;
			};
			name = Release;
		};
		801DB28329BB057F00A881AE /* Debug */ = {
			isa = XCBuildConfiguration;
			buildSettings = {
				CODE_SIGN_STYLE = Automatic;
				PRODUCT_NAME = "$(TARGET_NAME)";
			};
			name = Debug;
		};
		801DB28429BB057F00A881AE /* Release */ = {
			isa = XCBuildConfiguration;
			buildSettings = {
				CODE_SIGN_STYLE = Automatic;
				PRODUCT_NAME = "$(TARGET_NAME)";
			};
			name = Release;
		};
/* End XCBuildConfiguration section */

/* Begin XCConfigurationList section */
		801DB27629BB057F00A881AE /* Build configuration list for PBXProject "CS32Project4XCode" */ = {
			isa = XCConfigurationList;
			buildConfigurations = (
				801DB28029BB057F00A881AE /* Debug */,
				801DB28129BB057F00A881AE /* Release */,
			);
			defaultConfigurationIsVisible = 0;
			defaultConfigurationName = Release;
		};
		801DB28229BB057F00A881AE /* Build configuration list for PBXNativeTarget "CS32Project4XCode" */ = {
			isa = XCConfigurationList;
			buildConfigurations = (
				801DB28329BB057F00A881AE /* Debug */,
				801DB28429BB057F00A881AE /* Release */,
			);
			defaultConfigurationIsVisible = 0;
			defaultConfigurationName = Release;
		};
/* End XCConfigurationList section */
	};
	rootObject = 801DB27329BB057F00A881AE /* Project object */;
}
